
Microsoft Visual Studio Solution File, Format Version 12.00
# Visual Studio Version 16
VisualStudioVersion = 16.0.31624.102
MinimumVisualStudioVersion = 10.0.40219.1
Project("{FAE04EC0-301F-11D3-BF4B-00C04F79EFBC}") = "ACM", "ACM.csproj", "{DB17AEC6-83BF-441A-966D-E3B69819DF7A}"
EndProject
Project("{2150E333-8FDC-42A3-9474-1A3956D46DE8}") = "Tests", "Tests", "{47513D1B-7444-4160-AF2D-EA5A5DFF7C3F}"
EndProject
Project("{FAE04EC0-301F-11D3-BF4B-00C04F79EFBC}") = "ACM.BLTest", "..\test\ACM.BLTest\ACM.BLTest.csproj", "{B3A2EA28-39A1-4357-A1D8-64FE7E5D5E67}"
EndProject
Global
	GlobalSection(SolutionConfigurationPlatforms) = preSolution
		Debug|Any CPU = Debug|Any CPU
		Release|Any CPU = Release|Any CPU
	EndGlobalSection
	GlobalSection(ProjectConfigurationPlatforms) = postSolution
		{DB17AEC6-83BF-441A-966D-E3B69819DF7A}.Debug|Any CPU.ActiveCfg = Debug|Any CPU
		{DB17AEC6-83BF-441A-966D-E3B69819DF7A}.Debug|Any CPU.Build.0 = Debug|Any CPU
		{DB17AEC6-83BF-441A-966D-E3B69819DF7A}.Release|Any CPU.ActiveCfg = Release|Any CPU
		{DB17AEC6-83BF-441A-966D-E3B69819DF7A}.Release|Any CPU.Build.0 = Release|Any CPU
		{B3A2EA28-39A1-4357-A1D8-64FE7E5D5E67}.Debug|Any CPU.ActiveCfg = Debug|Any CPU
		{B3A2EA28-39A1-4357-A1D8-64FE7E5D5E67}.Debug|Any CPU.Build.0 = Debug|Any CPU
		{B3A2EA28-39A1-4357-A1D8-64FE7E5D5E67}.Release|Any CPU.ActiveCfg = Release|Any CPU
		{B3A2EA28-39A1-4357-A1D8-64FE7E5D5E67}.Release|Any CPU.Build.0 = Release|Any CPU
	EndGlobalSection
	GlobalSection(SolutionProperties) = preSolution
		HideSolutionNode = FALSE
	EndGlobalSection
	GlobalSection(NestedProjects) = preSolution
		{B3A2EA28-39A1-4357-A1D8-64FE7E5D5E67} = {47513D1B-7444-4160-AF2D-EA5A5DFF7C3F}
	EndGlobalSection
	GlobalSection(ExtensibilityGlobals) = postSolution
		SolutionGuid = {173ED9AD-4ED3-4FD5-A9C8-3007C99C58D9}
	EndGlobalSection
EndGlobal
